
Microsoft Visual Studio Solution File, Format Version 12.00
# Visual Studio 15
VisualStudioVersion = 15.0.27004.2009
MinimumVisualStudioVersion = 10.0.40219.1
Project("{FAE04EC0-301F-11D3-BF4B-00C04F79EFBC}") = "CrudOperation", "CrudOperation\CrudOperation.csproj", "{324AE458-B678-4655-9E48-15089B2D52B5}"
EndProject
Global
	GlobalSection(SolutionConfigurationPlatforms) = preSolution
		Debug|Any CPU = Debug|Any CPU
		Release|Any CPU = Release|Any CPU
	EndGlobalSection
	GlobalSection(ProjectConfigurationPlatforms) = postSolution
		{324AE458-B678-4655-9E48-15089B2D52B5}.Debug|Any CPU.ActiveCfg = Debug|Any CPU
		{324AE458-B678-4655-9E48-15089B2D52B5}.Debug|Any CPU.Build.0 = Debug|Any CPU
		{324AE458-B678-4655-9E48-15089B2D52B5}.Release|Any CPU.ActiveCfg = Release|Any CPU
		{324AE458-B678-4655-9E48-15089B2D52B5}.Release|Any CPU.Build.0 = Release|Any CPU
	EndGlobalSection
	GlobalSection(SolutionProperties) = preSolution
		HideSolutionNode = FALSE
	EndGlobalSection
	GlobalSection(ExtensibilityGlobals) = postSolution
		SolutionGuid = {8CB7AADD-9AF4-4CA8-B63D-8992ADEE673C}
	EndGlobalSection
EndGlobal
